
Microsoft Visual Studio Solution File, Format Version 12.00
# Visual Studio Version 17
VisualStudioVersion = 17.9.34607.119
MinimumVisualStudioVersion = 10.0.40219.1
Project("{8BC9CEB8-8B4A-11D0-8D11-00A0C91BC942}") = "rdt", "rdt.vcxproj", "{83782F6E-3164-4CA8-BF8F-ADA524C13449}"
EndProject
Project("{8BC9CEB8-8B4A-11D0-8D11-00A0C91BC942}") = "GBN", "..\GBN\GBN.vcxproj", "{3C0282F5-FEE2-4201-8F7B-181FB4AC3821}"
EndProject
Project("{8BC9CEB8-8B4A-11D0-8D11-00A0C91BC942}") = "SR", "..\SR\SR.vcxproj", "{D4003365-3FCC-4D5A-8848-0459E66743D9}"
EndProject
Project("{8BC9CEB8-8B4A-11D0-8D11-00A0C91BC942}") = "TCP", "..\TCP\TCP.vcxproj", "{28836E17-6D0E-4FD3-A8DE-EED1294A9C1B}"
EndProject
Global
	GlobalSection(SolutionConfigurationPlatforms) = preSolution
		Debug|x64 = Debug|x64
		Debug|x86 = Debug|x86
		Release|x64 = Release|x64
		Release|x86 = Release|x86
	EndGlobalSection
	GlobalSection(ProjectConfigurationPlatforms) = postSolution
		{83782F6E-3164-4CA8-BF8F-ADA524C13449}.Debug|x64.ActiveCfg = Debug|x64
		{83782F6E-3164-4CA8-BF8F-ADA524C13449}.Debug|x64.Build.0 = Debug|x64
		{83782F6E-3164-4CA8-BF8F-ADA524C13449}.Debug|x86.ActiveCfg = Debug|Win32
		{83782F6E-3164-4CA8-BF8F-ADA524C13449}.Debug|x86.Build.0 = Debug|Win32
		{83782F6E-3164-4CA8-BF8F-ADA524C13449}.Release|x64.ActiveCfg = Release|x64
		{83782F6E-3164-4CA8-BF8F-ADA524C13449}.Release|x64.Build.0 = Release|x64
		{83782F6E-3164-4CA8-BF8F-ADA524C13449}.Release|x86.ActiveCfg = Release|Win32
		{83782F6E-3164-4CA8-BF8F-ADA524C13449}.Release|x86.Build.0 = Release|Win32
		{3C0282F5-FEE2-4201-8F7B-181FB4AC3821}.Debug|x64.ActiveCfg = Debug|x64
		{3C0282F5-FEE2-4201-8F7B-181FB4AC3821}.Debug|x64.Build.0 = Debug|x64
		{3C0282F5-FEE2-4201-8F7B-181FB4AC3821}.Debug|x86.ActiveCfg = Debug|Win32
		{3C0282F5-FEE2-4201-8F7B-181FB4AC3821}.Debug|x86.Build.0 = Debug|Win32
		{3C0282F5-FEE2-4201-8F7B-181FB4AC3821}.Release|x64.ActiveCfg = Release|x64
		{3C0282F5-FEE2-4201-8F7B-181FB4AC3821}.Release|x64.Build.0 = Release|x64
		{3C0282F5-FEE2-4201-8F7B-181FB4AC3821}.Release|x86.ActiveCfg = Release|Win32
		{3C0282F5-FEE2-4201-8F7B-181FB4AC3821}.Release|x86.Build.0 = Release|Win32
		{D4003365-3FCC-4D5A-8848-0459E66743D9}.Debug|x64.ActiveCfg = Debug|x64
		{D4003365-3FCC-4D5A-8848-0459E66743D9}.Debug|x64.Build.0 = Debug|x64
		{D4003365-3FCC-4D5A-8848-0459E66743D9}.Debug|x86.ActiveCfg = Debug|Win32
		{D4003365-3FCC-4D5A-8848-0459E66743D9}.Debug|x86.Build.0 = Debug|Win32
		{D4003365-3FCC-4D5A-8848-0459E66743D9}.Release|x64.ActiveCfg = Release|x64
		{D4003365-3FCC-4D5A-8848-0459E66743D9}.Release|x64.Build.0 = Release|x64
		{D4003365-3FCC-4D5A-8848-0459E66743D9}.Release|x86.ActiveCfg = Release|Win32
		{D4003365-3FCC-4D5A-8848-0459E66743D9}.Release|x86.Build.0 = Release|Win32
		{28836E17-6D0E-4FD3-A8DE-EED1294A9C1B}.Debug|x64.ActiveCfg = Debug|x64
		{28836E17-6D0E-4FD3-A8DE-EED1294A9C1B}.Debug|x64.Build.0 = Debug|x64
		{28836E17-6D0E-4FD3-A8DE-EED1294A9C1B}.Debug|x86.ActiveCfg = Debug|Win32
		{28836E17-6D0E-4FD3-A8DE-EED1294A9C1B}.Debug|x86.Build.0 = Debug|Win32
		{28836E17-6D0E-4FD3-A8DE-EED1294A9C1B}.Release|x64.ActiveCfg = Release|x64
		{28836E17-6D0E-4FD3-A8DE-EED1294A9C1B}.Release|x64.Build.0 = Release|x64
		{28836E17-6D0E-4FD3-A8DE-EED1294A9C1B}.Release|x86.ActiveCfg = Release|Win32
		{28836E17-6D0E-4FD3-A8DE-EED1294A9C1B}.Release|x86.Build.0 = Release|Win32
	EndGlobalSection
	GlobalSection(SolutionProperties) = preSolution
		HideSolutionNode = FALSE
	EndGlobalSection
	GlobalSection(ExtensibilityGlobals) = postSolution
		SolutionGuid = {EE19A806-F63F-435C-A662-E874491CDA23}
	EndGlobalSection
EndGlobal
